
Microsoft Visual Studio Solution File, Format Version 12.00
# Visual Studio 14
VisualStudioVersion = 14.0.25420.1
MinimumVisualStudioVersion = 10.0.40219.1
Project("{FAE04EC0-301F-11D3-BF4B-00C04F79EFBC}") = "BackendComponent", "BackendComponent\BackendComponent.csproj", "{9E96F39F-9CC4-4B57-8532-8C7FECC6EB30}"
EndProject
Project("{FAE04EC0-301F-11D3-BF4B-00C04F79EFBC}") = "UIFrontendComponent", "UIFrontendComponent\UIFrontendComponent.csproj", "{1A625C5F-C5D1-432A-9B01-1F2910F959F7}"
EndProject
Global
	GlobalSection(SolutionConfigurationPlatforms) = preSolution
		Debug|Any CPU = Debug|Any CPU
		Release|Any CPU = Release|Any CPU
	EndGlobalSection
	GlobalSection(ProjectConfigurationPlatforms) = postSolution
		{9E96F39F-9CC4-4B57-8532-8C7FECC6EB30}.Debug|Any CPU.ActiveCfg = Debug|Any CPU
		{9E96F39F-9CC4-4B57-8532-8C7FECC6EB30}.Debug|Any CPU.Build.0 = Debug|Any CPU
		{9E96F39F-9CC4-4B57-8532-8C7FECC6EB30}.Release|Any CPU.ActiveCfg = Release|Any CPU
		{9E96F39F-9CC4-4B57-8532-8C7FECC6EB30}.Release|Any CPU.Build.0 = Release|Any CPU
		{1A625C5F-C5D1-432A-9B01-1F2910F959F7}.Debug|Any CPU.ActiveCfg = Debug|Any CPU
		{1A625C5F-C5D1-432A-9B01-1F2910F959F7}.Debug|Any CPU.Build.0 = Debug|Any CPU
		{1A625C5F-C5D1-432A-9B01-1F2910F959F7}.Release|Any CPU.ActiveCfg = Release|Any CPU
		{1A625C5F-C5D1-432A-9B01-1F2910F959F7}.Release|Any CPU.Build.0 = Release|Any CPU
	EndGlobalSection
	GlobalSection(SolutionProperties) = preSolution
		HideSolutionNode = FALSE
	EndGlobalSection
EndGlobal
